// !$*UTF8*$!
{
	archiveVersion = 1;
	classes = {
	};
	objectVersion = 48;
	objects = {

/* Begin PBXGroup section */
		9A944FE51FE713EF007CFC2D = {
			isa = PBXGroup;
			children = (
			);
			sourceTree = "<group>";
		};
/* End PBXGroup section */

/* Begin PBXProject section */
		9A944FE61FE713EF007CFC2D /* Project object */ = {
			isa = PBXProject;
			attributes = {
				LastUpgradeCheck = 0910;
			};
			buildConfigurationList = 9A944FE91FE713EF007CFC2D /* Build configuration list for PBXProject "ADR Spotting" */;
			compatibilityVersion = "Xcode 8.0";
			developmentRegion = en;
			hasScannedForEncodings = 0;
			knownRegions = (
				en,
			);
			mainGroup = 9A944FE51FE713EF007CFC2D;
			projectDirPath = "";
			projectRoot = "";
			targets = (
			);
		};
/* End PBXProject section */

/* Begin XCBuildConfiguration section */
		9A944FEA1FE713EF007CFC2D /* Debug */ = {
			isa = XCBuildConfiguration;
			buildSettings = {
			};
			name = Debug;
		};
		9A944FEB1FE713EF007CFC2D /* Release */ = {
			isa = XCBuildConfiguration;
			buildSettings = {
			};
			name = Release;
		};
/* End XCBuildConfiguration section */

/* Begin XCConfigurationList section */
		9A944FE91FE713EF007CFC2D /* Build configuration list for PBXProject "ADR Spotting" */ = {
			isa = XCConfigurationList;
			buildConfigurations = (
				9A944FEA1FE713EF007CFC2D /* Debug */,
				9A944FEB1FE713EF007CFC2D /* Release */,
			);
			defaultConfigurationIsVisible = 0;
			defaultConfigurationName = Release;
		};
/* End XCConfigurationList section */
	};
	rootObject = 9A944FE61FE713EF007CFC2D /* Project object */;
}
