// !$*UTF8*$!
{
	archiveVersion = 1;
	classes = {
	};
	objectVersion = 48;
	objects = {

/* Begin PBXFileReference section */
		9A944FEC1FE71407007CFC2D /* Notes.rtf */ = {isa = PBXFileReference; lastKnownFileType = text.rtf; path = Notes.rtf; sourceTree = "<group>"; };
		9A944FED1FE71952007CFC2D /* PT Text Export.txt */ = {isa = PBXFileReference; lastKnownFileType = text; path = "PT Text Export.txt"; sourceTree = "<group>"; };
/* End PBXFileReference section */

/* Begin PBXGroup section */
		9A944FE51FE713EF007CFC2D = {
			isa = PBXGroup;
			children = (
				9A944FEC1FE71407007CFC2D /* Notes.rtf */,
				9A944FED1FE71952007CFC2D /* PT Text Export.txt */,
			);
			sourceTree = "<group>";
		};
/* End PBXGroup section */

/* Begin PBXProject section */
		9A944FE61FE713EF007CFC2D /* Project object */ = {
			isa = PBXProject;
			attributes = {
				LastSwiftUpdateCheck = 0910;
				LastUpgradeCheck = 0910;
			};
			buildConfigurationList = 9A944FE91FE713EF007CFC2D /* Build configuration list for PBXProject "ADR Spotting" */;
			compatibilityVersion = "Xcode 8.0";
			developmentRegion = en;
			hasScannedForEncodings = 0;
			knownRegions = (
				en,
			);
			mainGroup = 9A944FE51FE713EF007CFC2D;
			productRefGroup = 9A944FE51FE713EF007CFC2D;
			projectDirPath = "";
			projectRoot = "";
			targets = (
			);
		};
/* End PBXProject section */

/* Begin XCBuildConfiguration section */
		9A944FEA1FE713EF007CFC2D /* Debug */ = {
			isa = XCBuildConfiguration;
			buildSettings = {
			};
			name = Debug;
		};
		9A944FEB1FE713EF007CFC2D /* Release */ = {
			isa = XCBuildConfiguration;
			buildSettings = {
			};
			name = Release;
		};
/* End XCBuildConfiguration section */

/* Begin XCConfigurationList section */
		9A944FE91FE713EF007CFC2D /* Build configuration list for PBXProject "ADR Spotting" */ = {
			isa = XCConfigurationList;
			buildConfigurations = (
				9A944FEA1FE713EF007CFC2D /* Debug */,
				9A944FEB1FE713EF007CFC2D /* Release */,
			);
			defaultConfigurationIsVisible = 0;
			defaultConfigurationName = Release;
		};
/* End XCConfigurationList section */
	};
	rootObject = 9A944FE61FE713EF007CFC2D /* Project object */;
}
