// !$*UTF8*$!
{
	archiveVersion = 1;
	classes = {
	};
	objectVersion = 48;
	objects = {

/* Begin PBXBuildFile section */
		9A0B572E2155C6E000C7E7AA /* FMPXMLRESULT.xsl in Resources */ = {isa = PBXBuildFile; fileRef = 9A0B572D2155C6E000C7E7AA /* FMPXMLRESULT.xsl */; };
		9A1BF50C2162874C00CD9210 /* ADR_Structured_ph1 in Resources */ = {isa = PBXBuildFile; fileRef = 9A1BF50B2162874C00CD9210 /* ADR_Structured_ph1 */; };
		9A36FCEA2013D1F8009661B1 /* Track States.txt in Resources */ = {isa = PBXBuildFile; fileRef = 9A36FCE92013D1F8009661B1 /* Track States.txt */; };
		9A70F4BB1FF448AD000DBF46 /* PKit.framework in CopyFiles */ = {isa = PBXBuildFile; fileRef = 9A9450131FE71C1F007CFC2D /* PKit.framework */; settings = {ATTRIBUTES = (CodeSignOnCopy, RemoveHeadersOnCopy, ); }; };
		9A80027D1FEEF9A6009D4E28 /* AppDelegate.swift in Sources */ = {isa = PBXBuildFile; fileRef = 9A80027C1FEEF9A6009D4E28 /* AppDelegate.swift */; };
		9A8002811FEEF9A6009D4E28 /* Assets.xcassets in Resources */ = {isa = PBXBuildFile; fileRef = 9A8002801FEEF9A6009D4E28 /* Assets.xcassets */; };
		9A8002841FEEF9A6009D4E28 /* Main.storyboard in Resources */ = {isa = PBXBuildFile; fileRef = 9A8002821FEEF9A6009D4E28 /* Main.storyboard */; };
		9A8002901FEEF9A7009D4E28 /* TagParserTests.swift in Sources */ = {isa = PBXBuildFile; fileRef = 9A80028F1FEEF9A7009D4E28 /* TagParserTests.swift */; };
		9A80029B1FEEF9A7009D4E28 /* PText_ConvertUITests.swift in Sources */ = {isa = PBXBuildFile; fileRef = 9A80029A1FEEF9A7009D4E28 /* PText_ConvertUITests.swift */; };
		9A8002A81FEEF9CB009D4E28 /* PKit.framework in Frameworks */ = {isa = PBXBuildFile; fileRef = 9A9450131FE71C1F007CFC2D /* PKit.framework */; };
		9A8002B31FEEFD10009D4E28 /* CSVConversionEngine.swift in Sources */ = {isa = PBXBuildFile; fileRef = 9A8002B21FEEFD10009D4E28 /* CSVConversionEngine.swift */; };
		9A8002B41FEEFD10009D4E28 /* CSVConversionEngine.swift in Sources */ = {isa = PBXBuildFile; fileRef = 9A8002B21FEEFD10009D4E28 /* CSVConversionEngine.swift */; };
		9A8002C61FEF7DD1009D4E28 /* ADR Spotting test.txt in Resources */ = {isa = PBXBuildFile; fileRef = 9A8002C51FEF7DD1009D4E28 /* ADR Spotting test.txt */; };
		9A8002C81FF04A0E009D4E28 /* SessionEntityRectiferTest.swift in Sources */ = {isa = PBXBuildFile; fileRef = 9A8002C71FF04A0E009D4E28 /* SessionEntityRectiferTest.swift */; };
		9A8002CA1FF051A2009D4E28 /* SessionEntityTabulator.swift in Sources */ = {isa = PBXBuildFile; fileRef = 9A8002C91FF051A2009D4E28 /* SessionEntityTabulator.swift */; };
		9A8002CB1FF051A2009D4E28 /* SessionEntityTabulator.swift in Sources */ = {isa = PBXBuildFile; fileRef = 9A8002C91FF051A2009D4E28 /* SessionEntityTabulator.swift */; };
		9A8002CD1FF051F1009D4E28 /* FieldParser.swift in Sources */ = {isa = PBXBuildFile; fileRef = 9A8002CC1FF051F1009D4E28 /* FieldParser.swift */; };
		9A8002CE1FF051F1009D4E28 /* FieldParser.swift in Sources */ = {isa = PBXBuildFile; fileRef = 9A8002CC1FF051F1009D4E28 /* FieldParser.swift */; };
		9A94501C1FE71C1F007CFC2D /* PKit.framework in Frameworks */ = {isa = PBXBuildFile; fileRef = 9A9450131FE71C1F007CFC2D /* PKit.framework */; };
		9A9450211FE71C1F007CFC2D /* PKitTests.swift in Sources */ = {isa = PBXBuildFile; fileRef = 9A9450201FE71C1F007CFC2D /* PKitTests.swift */; };
		9A9450231FE71C1F007CFC2D /* PKit.h in Headers */ = {isa = PBXBuildFile; fileRef = 9A9450151FE71C1F007CFC2D /* PKit.h */; settings = {ATTRIBUTES = (Public, ); }; };
		9A9C45921FF9C0FF00B13FDA /* PTEntityParser.swift in Sources */ = {isa = PBXBuildFile; fileRef = 9A8002C01FEF301A009D4E28 /* PTEntityParser.swift */; };
		9AA72C09201E8233002913A4 /* ADRLineTests.swift in Sources */ = {isa = PBXBuildFile; fileRef = 9AA72C07201E81D9002913A4 /* ADRLineTests.swift */; };
		9AA72C0B20202CA0002913A4 /* XMLStringDictionary.swift in Sources */ = {isa = PBXBuildFile; fileRef = 9AA72C0A20202CA0002913A4 /* XMLStringDictionary.swift */; };
		9AA72C0C20202CA0002913A4 /* XMLStringDictionary.swift in Sources */ = {isa = PBXBuildFile; fileRef = 9AA72C0A20202CA0002913A4 /* XMLStringDictionary.swift */; };
		9AA72C0E202036C3002913A4 /* XMLStringDictionaryTests.swift in Sources */ = {isa = PBXBuildFile; fileRef = 9AA72C0D202036C3002913A4 /* XMLStringDictionaryTests.swift */; };
		9AA8FEA720218D9C00683243 /* XMLConversionEngine.swift in Sources */ = {isa = PBXBuildFile; fileRef = 9AA8FEA620218D9C00683243 /* XMLConversionEngine.swift */; };
		9AA8FEA820218D9C00683243 /* XMLConversionEngine.swift in Sources */ = {isa = PBXBuildFile; fileRef = 9AA8FEA620218D9C00683243 /* XMLConversionEngine.swift */; };
		9AAA0DFE215B047900F9158E /* PTTimeParsers.swift in Sources */ = {isa = PBXBuildFile; fileRef = 9AAA0DFD215B047900F9158E /* PTTimeParsers.swift */; };
		9AAA0DFF215B047900F9158E /* PTTimeParsers.swift in Sources */ = {isa = PBXBuildFile; fileRef = 9AAA0DFD215B047900F9158E /* PTTimeParsers.swift */; };
		9AAA0E04215B478900F9158E /* Test Export tc.txt in Resources */ = {isa = PBXBuildFile; fileRef = 9AAA0E00215B478900F9158E /* Test Export tc.txt */; };
		9AAA0E05215B478900F9158E /* Test Export feet frames.txt in Resources */ = {isa = PBXBuildFile; fileRef = 9AAA0E01215B478900F9158E /* Test Export feet frames.txt */; };
		9AAA0E06215B478900F9158E /* Test Export mins-secs.txt in Resources */ = {isa = PBXBuildFile; fileRef = 9AAA0E02215B478900F9158E /* Test Export mins-secs.txt */; };
		9AAA0E07215B478900F9158E /* Test Export samples.txt in Resources */ = {isa = PBXBuildFile; fileRef = 9AAA0E03215B478900F9158E /* Test Export samples.txt */; };
		9AAA0E09215B479400F9158E /* Test Export in Resources */ = {isa = PBXBuildFile; fileRef = 9AAA0E08215B479400F9158E /* Test Export */; };
		9AAA0E0A215B4C2400F9158E /* PTEntityParser.swift in Sources */ = {isa = PBXBuildFile; fileRef = 9A8002C01FEF301A009D4E28 /* PTEntityParser.swift */; };
		9AAA0E0B215B4C2800F9158E /* PTTextFileParser.swift in Sources */ = {isa = PBXBuildFile; fileRef = 9AE7E3DB1FEB5E8A00011429 /* PTTextFileParser.swift */; };
		9AAA0E0D215B51D500F9158E /* NSRegularExpressionAdditions_Test.swift in Sources */ = {isa = PBXBuildFile; fileRef = 9AAA0E0C215B51D500F9158E /* NSRegularExpressionAdditions_Test.swift */; };
		9AAA0E12215BFCFA00F9158E /* Test Export samples tc2997df.txt in Resources */ = {isa = PBXBuildFile; fileRef = 9AAA0E11215BFCFA00F9158E /* Test Export samples tc2997df.txt */; };
		9AAA0E14215C063700F9158E /* TimeRepresentationTests.swift in Sources */ = {isa = PBXBuildFile; fileRef = 9AAA0E13215C063700F9158E /* TimeRepresentationTests.swift */; };
		9AAF2B3D2022C9EE00F2546A /* ADR.xsl in Resources */ = {isa = PBXBuildFile; fileRef = 9AAF2B3C2022C9EE00F2546A /* ADR.xsl */; };
		9AAF2B3E2022C9EE00F2546A /* ADR.xsl in Resources */ = {isa = PBXBuildFile; fileRef = 9AAF2B3C2022C9EE00F2546A /* ADR.xsl */; };
		9AB46595215EDC1C00DB6907 /* ADR_Reports.fmp12 in Resources */ = {isa = PBXBuildFile; fileRef = 9AB46594215EDBA400DB6907 /* ADR_Reports.fmp12 */; };
		9AB46597215EE52900DB6907 /* ADR-html.xsl in Resources */ = {isa = PBXBuildFile; fileRef = 9AB46596215EE52900DB6907 /* ADR-html.xsl */; };
		9AB8714B1FF81DB8005E7A15 /* JHScannerTests.swift in Sources */ = {isa = PBXBuildFile; fileRef = 9AB8714A1FF81DB8005E7A15 /* JHScannerTests.swift */; };
		9ACEFD7D215DC2720044AD3B /* PTTimeParsers.swift in Sources */ = {isa = PBXBuildFile; fileRef = 9AAA0DFD215B047900F9158E /* PTTimeParsers.swift */; };
		9AD6EE8D1FF595D1008C3CB0 /* JHScanner.swift in Sources */ = {isa = PBXBuildFile; fileRef = 9AD6EE8C1FF595D1008C3CB0 /* JHScanner.swift */; };
		9AD6EE8E1FF595D1008C3CB0 /* JHScanner.swift in Sources */ = {isa = PBXBuildFile; fileRef = 9AD6EE8C1FF595D1008C3CB0 /* JHScanner.swift */; };
		9AE7E3D81FEB5B0200011429 /* ADR Spotting test.txt in Resources */ = {isa = PBXBuildFile; fileRef = 9AE7E3D71FEB5B0200011429 /* ADR Spotting test.txt */; };
		9AE7E3DC1FEB5E8A00011429 /* PTTextFileParser.swift in Sources */ = {isa = PBXBuildFile; fileRef = 9AE7E3DB1FEB5E8A00011429 /* PTTextFileParser.swift */; };
		9AE7E3DD1FEB67CD00011429 /* PT Text Export.txt in Resources */ = {isa = PBXBuildFile; fileRef = 9A944FED1FE71952007CFC2D /* PT Text Export.txt */; };
		9AF53A5120131C1700F067F9 /* cue.test.utf8.txt in Resources */ = {isa = PBXBuildFile; fileRef = 9AF53A5020131C1700F067F9 /* cue.test.utf8.txt */; };
/* End PBXBuildFile section */

/* Begin PBXContainerItemProxy section */
		9A80028C1FEEF9A6009D4E28 /* PBXContainerItemProxy */ = {
			isa = PBXContainerItemProxy;
			containerPortal = 9A944FE61FE713EF007CFC2D /* Project object */;
			proxyType = 1;
			remoteGlobalIDString = 9A8002791FEEF9A6009D4E28;
			remoteInfo = "PText Convert";
		};
		9A8002971FEEF9A7009D4E28 /* PBXContainerItemProxy */ = {
			isa = PBXContainerItemProxy;
			containerPortal = 9A944FE61FE713EF007CFC2D /* Project object */;
			proxyType = 1;
			remoteGlobalIDString = 9A8002791FEEF9A6009D4E28;
			remoteInfo = "PText Convert";
		};
		9A8002A61FEEF9C4009D4E28 /* PBXContainerItemProxy */ = {
			isa = PBXContainerItemProxy;
			containerPortal = 9A944FE61FE713EF007CFC2D /* Project object */;
			proxyType = 1;
			remoteGlobalIDString = 9A9450121FE71C1F007CFC2D;
			remoteInfo = PKit;
		};
		9A94501D1FE71C1F007CFC2D /* PBXContainerItemProxy */ = {
			isa = PBXContainerItemProxy;
			containerPortal = 9A944FE61FE713EF007CFC2D /* Project object */;
			proxyType = 1;
			remoteGlobalIDString = 9A9450121FE71C1F007CFC2D;
			remoteInfo = PKit;
		};
/* End PBXContainerItemProxy section */

/* Begin PBXCopyFilesBuildPhase section */
		9A70F4BA1FF448A1000DBF46 /* CopyFiles */ = {
			isa = PBXCopyFilesBuildPhase;
			buildActionMask = 2147483647;
			dstPath = "";
			dstSubfolderSpec = 10;
			files = (
				9A70F4BB1FF448AD000DBF46 /* PKit.framework in CopyFiles */,
			);
			runOnlyForDeploymentPostprocessing = 0;
		};
/* End PBXCopyFilesBuildPhase section */

/* Begin PBXFileReference section */
		9A0B572D2155C6E000C7E7AA /* FMPXMLRESULT.xsl */ = {isa = PBXFileReference; explicitFileType = text.xml; path = FMPXMLRESULT.xsl; sourceTree = "<group>"; };
		9A1BF50B2162874C00CD9210 /* ADR_Structured_ph1 */ = {isa = PBXFileReference; lastKnownFileType = text; path = ADR_Structured_ph1; sourceTree = "<group>"; xcLanguageSpecificationIdentifier = xcode.lang.xml; };
		9A36FCE92013D1F8009661B1 /* Track States.txt */ = {isa = PBXFileReference; fileEncoding = 4; lastKnownFileType = text; path = "Track States.txt"; sourceTree = "<group>"; usesTabs = 1; };
		9A70F4B81FF43FDF000DBF46 /* README.md */ = {isa = PBXFileReference; lastKnownFileType = net.daringfireball.markdown; path = README.md; sourceTree = "<group>"; };
		9A80027A1FEEF9A6009D4E28 /* PText Convert.app */ = {isa = PBXFileReference; explicitFileType = wrapper.application; includeInIndex = 0; path = "PText Convert.app"; sourceTree = BUILT_PRODUCTS_DIR; };
		9A80027C1FEEF9A6009D4E28 /* AppDelegate.swift */ = {isa = PBXFileReference; lastKnownFileType = sourcecode.swift; path = AppDelegate.swift; sourceTree = "<group>"; };
		9A8002801FEEF9A6009D4E28 /* Assets.xcassets */ = {isa = PBXFileReference; lastKnownFileType = folder.assetcatalog; path = Assets.xcassets; sourceTree = "<group>"; };
		9A8002831FEEF9A6009D4E28 /* Base */ = {isa = PBXFileReference; lastKnownFileType = file.storyboard; name = Base; path = Base.lproj/Main.storyboard; sourceTree = "<group>"; };
		9A8002851FEEF9A6009D4E28 /* Info.plist */ = {isa = PBXFileReference; lastKnownFileType = text.plist.xml; path = Info.plist; sourceTree = "<group>"; };
		9A80028B1FEEF9A6009D4E28 /* PText ConvertTests.xctest */ = {isa = PBXFileReference; explicitFileType = wrapper.cfbundle; includeInIndex = 0; path = "PText ConvertTests.xctest"; sourceTree = BUILT_PRODUCTS_DIR; };
		9A80028F1FEEF9A7009D4E28 /* TagParserTests.swift */ = {isa = PBXFileReference; lastKnownFileType = sourcecode.swift; path = TagParserTests.swift; sourceTree = "<group>"; };
		9A8002911FEEF9A7009D4E28 /* Info.plist */ = {isa = PBXFileReference; lastKnownFileType = text.plist.xml; path = Info.plist; sourceTree = "<group>"; };
		9A8002961FEEF9A7009D4E28 /* PText ConvertUITests.xctest */ = {isa = PBXFileReference; explicitFileType = wrapper.cfbundle; includeInIndex = 0; path = "PText ConvertUITests.xctest"; sourceTree = BUILT_PRODUCTS_DIR; };
		9A80029A1FEEF9A7009D4E28 /* PText_ConvertUITests.swift */ = {isa = PBXFileReference; lastKnownFileType = sourcecode.swift; path = PText_ConvertUITests.swift; sourceTree = "<group>"; };
		9A80029C1FEEF9A7009D4E28 /* Info.plist */ = {isa = PBXFileReference; lastKnownFileType = text.plist.xml; path = Info.plist; sourceTree = "<group>"; };
		9A8002B21FEEFD10009D4E28 /* CSVConversionEngine.swift */ = {isa = PBXFileReference; lastKnownFileType = sourcecode.swift; path = CSVConversionEngine.swift; sourceTree = "<group>"; };
		9A8002B51FEF0092009D4E28 /* PText Convert.entitlements */ = {isa = PBXFileReference; lastKnownFileType = text.plist.entitlements; path = "PText Convert.entitlements"; sourceTree = "<group>"; };
		9A8002C01FEF301A009D4E28 /* PTEntityParser.swift */ = {isa = PBXFileReference; lastKnownFileType = sourcecode.swift; path = PTEntityParser.swift; sourceTree = "<group>"; };
		9A8002C51FEF7DD1009D4E28 /* ADR Spotting test.txt */ = {isa = PBXFileReference; fileEncoding = 4; lastKnownFileType = text; path = "ADR Spotting test.txt"; sourceTree = "<group>"; };
		9A8002C71FF04A0E009D4E28 /* SessionEntityRectiferTest.swift */ = {isa = PBXFileReference; lastKnownFileType = sourcecode.swift; path = SessionEntityRectiferTest.swift; sourceTree = "<group>"; };
		9A8002C91FF051A2009D4E28 /* SessionEntityTabulator.swift */ = {isa = PBXFileReference; lastKnownFileType = sourcecode.swift; path = SessionEntityTabulator.swift; sourceTree = "<group>"; };
		9A8002CC1FF051F1009D4E28 /* FieldParser.swift */ = {isa = PBXFileReference; lastKnownFileType = sourcecode.swift; path = FieldParser.swift; sourceTree = "<group>"; };
		9A944FED1FE71952007CFC2D /* PT Text Export.txt */ = {isa = PBXFileReference; lastKnownFileType = text; path = "PT Text Export.txt"; sourceTree = "<group>"; };
		9A9450131FE71C1F007CFC2D /* PKit.framework */ = {isa = PBXFileReference; explicitFileType = wrapper.framework; includeInIndex = 0; path = PKit.framework; sourceTree = BUILT_PRODUCTS_DIR; };
		9A9450151FE71C1F007CFC2D /* PKit.h */ = {isa = PBXFileReference; lastKnownFileType = sourcecode.c.h; path = PKit.h; sourceTree = "<group>"; };
		9A9450161FE71C1F007CFC2D /* Info.plist */ = {isa = PBXFileReference; lastKnownFileType = text.plist.xml; path = Info.plist; sourceTree = "<group>"; };
		9A94501B1FE71C1F007CFC2D /* PKitTests.xctest */ = {isa = PBXFileReference; explicitFileType = wrapper.cfbundle; includeInIndex = 0; path = PKitTests.xctest; sourceTree = BUILT_PRODUCTS_DIR; };
		9A9450201FE71C1F007CFC2D /* PKitTests.swift */ = {isa = PBXFileReference; lastKnownFileType = sourcecode.swift; path = PKitTests.swift; sourceTree = "<group>"; };
		9A9450221FE71C1F007CFC2D /* Info.plist */ = {isa = PBXFileReference; lastKnownFileType = text.plist.xml; path = Info.plist; sourceTree = "<group>"; };
		9AA72C07201E81D9002913A4 /* ADRLineTests.swift */ = {isa = PBXFileReference; lastKnownFileType = sourcecode.swift; name = ADRLineTests.swift; path = "PText ConvertTests/ADRLineTests.swift"; sourceTree = SOURCE_ROOT; };
		9AA72C0A20202CA0002913A4 /* XMLStringDictionary.swift */ = {isa = PBXFileReference; lastKnownFileType = sourcecode.swift; path = XMLStringDictionary.swift; sourceTree = "<group>"; };
		9AA72C0D202036C3002913A4 /* XMLStringDictionaryTests.swift */ = {isa = PBXFileReference; lastKnownFileType = sourcecode.swift; path = XMLStringDictionaryTests.swift; sourceTree = "<group>"; };
		9AA8FEA620218D9C00683243 /* XMLConversionEngine.swift */ = {isa = PBXFileReference; lastKnownFileType = sourcecode.swift; path = XMLConversionEngine.swift; sourceTree = "<group>"; };
		9AAA0DFD215B047900F9158E /* PTTimeParsers.swift */ = {isa = PBXFileReference; lastKnownFileType = sourcecode.swift; path = PTTimeParsers.swift; sourceTree = "<group>"; };
		9AAA0E00215B478900F9158E /* Test Export tc.txt */ = {isa = PBXFileReference; fileEncoding = 4; lastKnownFileType = text; path = "Test Export tc.txt"; sourceTree = "<group>"; };
		9AAA0E01215B478900F9158E /* Test Export feet frames.txt */ = {isa = PBXFileReference; fileEncoding = 4; lastKnownFileType = text; path = "Test Export feet frames.txt"; sourceTree = "<group>"; };
		9AAA0E02215B478900F9158E /* Test Export mins-secs.txt */ = {isa = PBXFileReference; fileEncoding = 4; lastKnownFileType = text; path = "Test Export mins-secs.txt"; sourceTree = "<group>"; };
		9AAA0E03215B478900F9158E /* Test Export samples.txt */ = {isa = PBXFileReference; fileEncoding = 4; lastKnownFileType = text; path = "Test Export samples.txt"; sourceTree = "<group>"; };
		9AAA0E08215B479400F9158E /* Test Export */ = {isa = PBXFileReference; lastKnownFileType = folder; path = "Test Export"; sourceTree = "<group>"; };
		9AAA0E0C215B51D500F9158E /* NSRegularExpressionAdditions_Test.swift */ = {isa = PBXFileReference; lastKnownFileType = sourcecode.swift; path = NSRegularExpressionAdditions_Test.swift; sourceTree = "<group>"; };
		9AAA0E11215BFCFA00F9158E /* Test Export samples tc2997df.txt */ = {isa = PBXFileReference; fileEncoding = 4; lastKnownFileType = text; path = "Test Export samples tc2997df.txt"; sourceTree = "<group>"; };
		9AAA0E13215C063700F9158E /* TimeRepresentationTests.swift */ = {isa = PBXFileReference; lastKnownFileType = sourcecode.swift; path = TimeRepresentationTests.swift; sourceTree = "<group>"; };
		9AAF2B3C2022C9EE00F2546A /* ADR.xsl */ = {isa = PBXFileReference; explicitFileType = text.xml; path = ADR.xsl; sourceTree = "<group>"; };
		9AB46594215EDBA400DB6907 /* ADR_Reports.fmp12 */ = {isa = PBXFileReference; lastKnownFileType = file; path = ADR_Reports.fmp12; sourceTree = "<group>"; };
		9AB46596215EE52900DB6907 /* ADR-html.xsl */ = {isa = PBXFileReference; explicitFileType = text.xml; path = "ADR-html.xsl"; sourceTree = "<group>"; xcLanguageSpecificationIdentifier = xcode.lang.xml; };
		9AB8714A1FF81DB8005E7A15 /* JHScannerTests.swift */ = {isa = PBXFileReference; lastKnownFileType = sourcecode.swift; path = JHScannerTests.swift; sourceTree = "<group>"; };
		9AD6EE8C1FF595D1008C3CB0 /* JHScanner.swift */ = {isa = PBXFileReference; lastKnownFileType = sourcecode.swift; path = JHScanner.swift; sourceTree = "<group>"; };
		9AE7E3D71FEB5B0200011429 /* ADR Spotting test.txt */ = {isa = PBXFileReference; fileEncoding = 4; lastKnownFileType = text; path = "ADR Spotting test.txt"; sourceTree = "<group>"; };
		9AE7E3DB1FEB5E8A00011429 /* PTTextFileParser.swift */ = {isa = PBXFileReference; lastKnownFileType = sourcecode.swift; path = PTTextFileParser.swift; sourceTree = "<group>"; };
		9AF53A5020131C1700F067F9 /* cue.test.utf8.txt */ = {isa = PBXFileReference; fileEncoding = 4; lastKnownFileType = text; path = cue.test.utf8.txt; sourceTree = "<group>"; };
/* End PBXFileReference section */

/* Begin PBXFrameworksBuildPhase section */
		9A8002771FEEF9A6009D4E28 /* Frameworks */ = {
			isa = PBXFrameworksBuildPhase;
			buildActionMask = 2147483647;
			files = (
				9A8002A81FEEF9CB009D4E28 /* PKit.framework in Frameworks */,
			);
			runOnlyForDeploymentPostprocessing = 0;
		};
		9A8002881FEEF9A6009D4E28 /* Frameworks */ = {
			isa = PBXFrameworksBuildPhase;
			buildActionMask = 2147483647;
			files = (
			);
			runOnlyForDeploymentPostprocessing = 0;
		};
		9A8002931FEEF9A7009D4E28 /* Frameworks */ = {
			isa = PBXFrameworksBuildPhase;
			buildActionMask = 2147483647;
			files = (
			);
			runOnlyForDeploymentPostprocessing = 0;
		};
		9A94500F1FE71C1F007CFC2D /* Frameworks */ = {
			isa = PBXFrameworksBuildPhase;
			buildActionMask = 2147483647;
			files = (
			);
			runOnlyForDeploymentPostprocessing = 0;
		};
		9A9450181FE71C1F007CFC2D /* Frameworks */ = {
			isa = PBXFrameworksBuildPhase;
			buildActionMask = 2147483647;
			files = (
				9A94501C1FE71C1F007CFC2D /* PKit.framework in Frameworks */,
			);
			runOnlyForDeploymentPostprocessing = 0;
		};
/* End PBXFrameworksBuildPhase section */

/* Begin PBXGroup section */
		9A07E1D320227B6B001B61B0 /* XSL */ = {
			isa = PBXGroup;
			children = (
				9AAF2B3C2022C9EE00F2546A /* ADR.xsl */,
				9A0B572D2155C6E000C7E7AA /* FMPXMLRESULT.xsl */,
				9AB46596215EE52900DB6907 /* ADR-html.xsl */,
				9A1BF50B2162874C00CD9210 /* ADR_Structured_ph1 */,
			);
			path = XSL;
			sourceTree = "<group>";
		};
		9A69EA742015B78D009ED43C /* XML Report Entites */ = {
			isa = PBXGroup;
			children = (
				9AA72C0A20202CA0002913A4 /* XMLStringDictionary.swift */,
			);
			path = "XML Report Entites";
			sourceTree = "<group>";
		};
		9A80027B1FEEF9A6009D4E28 /* PText Convert */ = {
			isa = PBXGroup;
			children = (
				9AB46594215EDBA400DB6907 /* ADR_Reports.fmp12 */,
				9A69EA742015B78D009ED43C /* XML Report Entites */,
				9A8002B51FEF0092009D4E28 /* PText Convert.entitlements */,
				9A80027C1FEEF9A6009D4E28 /* AppDelegate.swift */,
				9A8002801FEEF9A6009D4E28 /* Assets.xcassets */,
				9A8002821FEEF9A6009D4E28 /* Main.storyboard */,
				9A8002851FEEF9A6009D4E28 /* Info.plist */,
				9A8002B21FEEFD10009D4E28 /* CSVConversionEngine.swift */,
				9AA8FEA620218D9C00683243 /* XMLConversionEngine.swift */,
				9A8002CC1FF051F1009D4E28 /* FieldParser.swift */,
				9A8002C91FF051A2009D4E28 /* SessionEntityTabulator.swift */,
				9A07E1D320227B6B001B61B0 /* XSL */,
			);
			path = "PText Convert";
			sourceTree = "<group>";
		};
		9A80028E1FEEF9A7009D4E28 /* PText ConvertTests */ = {
			isa = PBXGroup;
			children = (
				9AA72C07201E81D9002913A4 /* ADRLineTests.swift */,
				9A8002C51FEF7DD1009D4E28 /* ADR Spotting test.txt */,
				9A80028F1FEEF9A7009D4E28 /* TagParserTests.swift */,
				9A8002C71FF04A0E009D4E28 /* SessionEntityRectiferTest.swift */,
				9A8002911FEEF9A7009D4E28 /* Info.plist */,
				9AA72C0D202036C3002913A4 /* XMLStringDictionaryTests.swift */,
			);
			path = "PText ConvertTests";
			sourceTree = "<group>";
		};
		9A8002991FEEF9A7009D4E28 /* PText ConvertUITests */ = {
			isa = PBXGroup;
			children = (
				9A80029A1FEEF9A7009D4E28 /* PText_ConvertUITests.swift */,
				9A80029C1FEEF9A7009D4E28 /* Info.plist */,
			);
			path = "PText ConvertUITests";
			sourceTree = "<group>";
		};
		9A944FE51FE713EF007CFC2D = {
			isa = PBXGroup;
			children = (
				9A70F4B81FF43FDF000DBF46 /* README.md */,
				9A9450141FE71C1F007CFC2D /* PKit */,
				9A94501F1FE71C1F007CFC2D /* PKitTests */,
				9A80027B1FEEF9A6009D4E28 /* PText Convert */,
				9A80028E1FEEF9A7009D4E28 /* PText ConvertTests */,
				9A8002991FEEF9A7009D4E28 /* PText ConvertUITests */,
				9A9450131FE71C1F007CFC2D /* PKit.framework */,
				9A94501B1FE71C1F007CFC2D /* PKitTests.xctest */,
				9A80027A1FEEF9A6009D4E28 /* PText Convert.app */,
				9A80028B1FEEF9A6009D4E28 /* PText ConvertTests.xctest */,
				9A8002961FEEF9A7009D4E28 /* PText ConvertUITests.xctest */,
			);
			sourceTree = "<group>";
		};
		9A9450141FE71C1F007CFC2D /* PKit */ = {
			isa = PBXGroup;
			children = (
				9A9450151FE71C1F007CFC2D /* PKit.h */,
				9A9450161FE71C1F007CFC2D /* Info.plist */,
				9AE7E3DB1FEB5E8A00011429 /* PTTextFileParser.swift */,
				9A8002C01FEF301A009D4E28 /* PTEntityParser.swift */,
				9AD6EE8C1FF595D1008C3CB0 /* JHScanner.swift */,
				9AAA0DFD215B047900F9158E /* PTTimeParsers.swift */,
			);
			path = PKit;
			sourceTree = "<group>";
		};
		9A94501F1FE71C1F007CFC2D /* PKitTests */ = {
			isa = PBXGroup;
			children = (
				9AAA0E10215B5B6500F9158E /* Text Files */,
				9AAA0E08215B479400F9158E /* Test Export */,
				9A9450201FE71C1F007CFC2D /* PKitTests.swift */,
				9A9450221FE71C1F007CFC2D /* Info.plist */,
				9AB8714A1FF81DB8005E7A15 /* JHScannerTests.swift */,
				9AAA0E0C215B51D500F9158E /* NSRegularExpressionAdditions_Test.swift */,
				9AAA0E13215C063700F9158E /* TimeRepresentationTests.swift */,
			);
			path = PKitTests;
			sourceTree = "<group>";
		};
		9AAA0E10215B5B6500F9158E /* Text Files */ = {
			isa = PBXGroup;
			children = (
				9AAA0E11215BFCFA00F9158E /* Test Export samples tc2997df.txt */,
				9AAA0E01215B478900F9158E /* Test Export feet frames.txt */,
				9AAA0E02215B478900F9158E /* Test Export mins-secs.txt */,
				9AAA0E03215B478900F9158E /* Test Export samples.txt */,
				9AAA0E00215B478900F9158E /* Test Export tc.txt */,
				9A36FCE92013D1F8009661B1 /* Track States.txt */,
				9AF53A5020131C1700F067F9 /* cue.test.utf8.txt */,
				9AE7E3D71FEB5B0200011429 /* ADR Spotting test.txt */,
				9A944FED1FE71952007CFC2D /* PT Text Export.txt */,
			);
			path = "Text Files";
			sourceTree = "<group>";
		};
/* End PBXGroup section */

/* Begin PBXHeadersBuildPhase section */
		9A9450101FE71C1F007CFC2D /* Headers */ = {
			isa = PBXHeadersBuildPhase;
			buildActionMask = 2147483647;
			files = (
				9A9450231FE71C1F007CFC2D /* PKit.h in Headers */,
			);
			runOnlyForDeploymentPostprocessing = 0;
		};
/* End PBXHeadersBuildPhase section */

/* Begin PBXNativeTarget section */
		9A8002791FEEF9A6009D4E28 /* PText Convert */ = {
			isa = PBXNativeTarget;
			buildConfigurationList = 9A80029D1FEEF9A7009D4E28 /* Build configuration list for PBXNativeTarget "PText Convert" */;
			buildPhases = (
				9A8002761FEEF9A6009D4E28 /* Sources */,
				9A8002771FEEF9A6009D4E28 /* Frameworks */,
				9A8002781FEEF9A6009D4E28 /* Resources */,
				9A70F4BA1FF448A1000DBF46 /* CopyFiles */,
			);
			buildRules = (
			);
			dependencies = (
				9A8002A71FEEF9C4009D4E28 /* PBXTargetDependency */,
			);
			name = "PText Convert";
			productName = "PText Convert";
			productReference = 9A80027A1FEEF9A6009D4E28 /* PText Convert.app */;
			productType = "com.apple.product-type.application";
		};
		9A80028A1FEEF9A6009D4E28 /* PText ConvertTests */ = {
			isa = PBXNativeTarget;
			buildConfigurationList = 9A8002A01FEEF9A7009D4E28 /* Build configuration list for PBXNativeTarget "PText ConvertTests" */;
			buildPhases = (
				9A8002871FEEF9A6009D4E28 /* Sources */,
				9A8002881FEEF9A6009D4E28 /* Frameworks */,
				9A8002891FEEF9A6009D4E28 /* Resources */,
			);
			buildRules = (
			);
			dependencies = (
				9A80028D1FEEF9A6009D4E28 /* PBXTargetDependency */,
			);
			name = "PText ConvertTests";
			productName = "PText ConvertTests";
			productReference = 9A80028B1FEEF9A6009D4E28 /* PText ConvertTests.xctest */;
			productType = "com.apple.product-type.bundle.unit-test";
		};
		9A8002951FEEF9A7009D4E28 /* PText ConvertUITests */ = {
			isa = PBXNativeTarget;
			buildConfigurationList = 9A8002A31FEEF9A7009D4E28 /* Build configuration list for PBXNativeTarget "PText ConvertUITests" */;
			buildPhases = (
				9A8002921FEEF9A7009D4E28 /* Sources */,
				9A8002931FEEF9A7009D4E28 /* Frameworks */,
				9A8002941FEEF9A7009D4E28 /* Resources */,
			);
			buildRules = (
			);
			dependencies = (
				9A8002981FEEF9A7009D4E28 /* PBXTargetDependency */,
			);
			name = "PText ConvertUITests";
			productName = "PText ConvertUITests";
			productReference = 9A8002961FEEF9A7009D4E28 /* PText ConvertUITests.xctest */;
			productType = "com.apple.product-type.bundle.ui-testing";
		};
		9A9450121FE71C1F007CFC2D /* PKit */ = {
			isa = PBXNativeTarget;
			buildConfigurationList = 9A9450241FE71C1F007CFC2D /* Build configuration list for PBXNativeTarget "PKit" */;
			buildPhases = (
				9A94500E1FE71C1F007CFC2D /* Sources */,
				9A94500F1FE71C1F007CFC2D /* Frameworks */,
				9A9450101FE71C1F007CFC2D /* Headers */,
				9A9450111FE71C1F007CFC2D /* Resources */,
			);
			buildRules = (
			);
			dependencies = (
			);
			name = PKit;
			productName = PKit;
			productReference = 9A9450131FE71C1F007CFC2D /* PKit.framework */;
			productType = "com.apple.product-type.framework";
		};
		9A94501A1FE71C1F007CFC2D /* PKitTests */ = {
			isa = PBXNativeTarget;
			buildConfigurationList = 9A9450271FE71C1F007CFC2D /* Build configuration list for PBXNativeTarget "PKitTests" */;
			buildPhases = (
				9A9450171FE71C1F007CFC2D /* Sources */,
				9A9450181FE71C1F007CFC2D /* Frameworks */,
				9A9450191FE71C1F007CFC2D /* Resources */,
			);
			buildRules = (
			);
			dependencies = (
				9A94501E1FE71C1F007CFC2D /* PBXTargetDependency */,
			);
			name = PKitTests;
			productName = PKitTests;
			productReference = 9A94501B1FE71C1F007CFC2D /* PKitTests.xctest */;
			productType = "com.apple.product-type.bundle.unit-test";
		};
/* End PBXNativeTarget section */

/* Begin PBXProject section */
		9A944FE61FE713EF007CFC2D /* Project object */ = {
			isa = PBXProject;
			attributes = {
				LastSwiftUpdateCheck = 0910;
				LastUpgradeCheck = 1000;
				TargetAttributes = {
					9A8002791FEEF9A6009D4E28 = {
						CreatedOnToolsVersion = 9.1;
						LastSwiftMigration = 1000;
						ProvisioningStyle = Automatic;
					};
					9A80028A1FEEF9A6009D4E28 = {
						CreatedOnToolsVersion = 9.1;
						LastSwiftMigration = 1000;
						ProvisioningStyle = Automatic;
						TestTargetID = 9A8002791FEEF9A6009D4E28;
					};
					9A8002951FEEF9A7009D4E28 = {
						CreatedOnToolsVersion = 9.1;
						LastSwiftMigration = 1000;
						ProvisioningStyle = Automatic;
						TestTargetID = 9A8002791FEEF9A6009D4E28;
					};
					9A9450121FE71C1F007CFC2D = {
						CreatedOnToolsVersion = 9.1;
						LastSwiftMigration = 1000;
						ProvisioningStyle = Manual;
					};
					9A94501A1FE71C1F007CFC2D = {
						CreatedOnToolsVersion = 9.1;
						ProvisioningStyle = Automatic;
					};
				};
			};
			buildConfigurationList = 9A944FE91FE713EF007CFC2D /* Build configuration list for PBXProject "ProToolsText" */;
			compatibilityVersion = "Xcode 8.0";
			developmentRegion = en;
			hasScannedForEncodings = 0;
			knownRegions = (
				en,
				Base,
			);
			mainGroup = 9A944FE51FE713EF007CFC2D;
			productRefGroup = 9A944FE51FE713EF007CFC2D;
			projectDirPath = "";
			projectRoot = "";
			targets = (
				9A9450121FE71C1F007CFC2D /* PKit */,
				9A94501A1FE71C1F007CFC2D /* PKitTests */,
				9A8002791FEEF9A6009D4E28 /* PText Convert */,
				9A80028A1FEEF9A6009D4E28 /* PText ConvertTests */,
				9A8002951FEEF9A7009D4E28 /* PText ConvertUITests */,
			);
		};
/* End PBXProject section */

/* Begin PBXResourcesBuildPhase section */
		9A8002781FEEF9A6009D4E28 /* Resources */ = {
			isa = PBXResourcesBuildPhase;
			buildActionMask = 2147483647;
			files = (
				9AB46597215EE52900DB6907 /* ADR-html.xsl in Resources */,
				9AB46595215EDC1C00DB6907 /* ADR_Reports.fmp12 in Resources */,
				9A8002811FEEF9A6009D4E28 /* Assets.xcassets in Resources */,
				9A8002841FEEF9A6009D4E28 /* Main.storyboard in Resources */,
				9AAF2B3D2022C9EE00F2546A /* ADR.xsl in Resources */,
				9A1BF50C2162874C00CD9210 /* ADR_Structured_ph1 in Resources */,
				9A0B572E2155C6E000C7E7AA /* FMPXMLRESULT.xsl in Resources */,
			);
			runOnlyForDeploymentPostprocessing = 0;
		};
		9A8002891FEEF9A6009D4E28 /* Resources */ = {
			isa = PBXResourcesBuildPhase;
			buildActionMask = 2147483647;
			files = (
				9AAF2B3E2022C9EE00F2546A /* ADR.xsl in Resources */,
				9A8002C61FEF7DD1009D4E28 /* ADR Spotting test.txt in Resources */,
			);
			runOnlyForDeploymentPostprocessing = 0;
		};
		9A8002941FEEF9A7009D4E28 /* Resources */ = {
			isa = PBXResourcesBuildPhase;
			buildActionMask = 2147483647;
			files = (
			);
			runOnlyForDeploymentPostprocessing = 0;
		};
		9A9450111FE71C1F007CFC2D /* Resources */ = {
			isa = PBXResourcesBuildPhase;
			buildActionMask = 2147483647;
			files = (
			);
			runOnlyForDeploymentPostprocessing = 0;
		};
		9A9450191FE71C1F007CFC2D /* Resources */ = {
			isa = PBXResourcesBuildPhase;
			buildActionMask = 2147483647;
			files = (
				9AE7E3D81FEB5B0200011429 /* ADR Spotting test.txt in Resources */,
				9AAA0E05215B478900F9158E /* Test Export feet frames.txt in Resources */,
				9AF53A5120131C1700F067F9 /* cue.test.utf8.txt in Resources */,
				9AE7E3DD1FEB67CD00011429 /* PT Text Export.txt in Resources */,
				9AAA0E12215BFCFA00F9158E /* Test Export samples tc2997df.txt in Resources */,
				9AAA0E07215B478900F9158E /* Test Export samples.txt in Resources */,
				9AAA0E04215B478900F9158E /* Test Export tc.txt in Resources */,
				9A36FCEA2013D1F8009661B1 /* Track States.txt in Resources */,
				9AAA0E09215B479400F9158E /* Test Export in Resources */,
				9AAA0E06215B478900F9158E /* Test Export mins-secs.txt in Resources */,
			);
			runOnlyForDeploymentPostprocessing = 0;
		};
/* End PBXResourcesBuildPhase section */

/* Begin PBXSourcesBuildPhase section */
		9A8002761FEEF9A6009D4E28 /* Sources */ = {
			isa = PBXSourcesBuildPhase;
			buildActionMask = 2147483647;
			files = (
				9A8002B31FEEFD10009D4E28 /* CSVConversionEngine.swift in Sources */,
				9AA8FEA720218D9C00683243 /* XMLConversionEngine.swift in Sources */,
				9A8002CA1FF051A2009D4E28 /* SessionEntityTabulator.swift in Sources */,
				9A80027D1FEEF9A6009D4E28 /* AppDelegate.swift in Sources */,
				9AA72C0B20202CA0002913A4 /* XMLStringDictionary.swift in Sources */,
				9A8002CD1FF051F1009D4E28 /* FieldParser.swift in Sources */,
			);
			runOnlyForDeploymentPostprocessing = 0;
		};
		9A8002871FEEF9A6009D4E28 /* Sources */ = {
			isa = PBXSourcesBuildPhase;
			buildActionMask = 2147483647;
			files = (
				9AA72C0E202036C3002913A4 /* XMLStringDictionaryTests.swift in Sources */,
				9A8002CB1FF051A2009D4E28 /* SessionEntityTabulator.swift in Sources */,
				9AA72C0C20202CA0002913A4 /* XMLStringDictionary.swift in Sources */,
				9AA72C09201E8233002913A4 /* ADRLineTests.swift in Sources */,
				9AA8FEA820218D9C00683243 /* XMLConversionEngine.swift in Sources */,
				9A8002B41FEEFD10009D4E28 /* CSVConversionEngine.swift in Sources */,
				9A8002901FEEF9A7009D4E28 /* TagParserTests.swift in Sources */,
				9A8002CE1FF051F1009D4E28 /* FieldParser.swift in Sources */,
				9A8002C81FF04A0E009D4E28 /* SessionEntityRectiferTest.swift in Sources */,
				9ACEFD7D215DC2720044AD3B /* PTTimeParsers.swift in Sources */,
			);
			runOnlyForDeploymentPostprocessing = 0;
		};
		9A8002921FEEF9A7009D4E28 /* Sources */ = {
			isa = PBXSourcesBuildPhase;
			buildActionMask = 2147483647;
			files = (
				9A80029B1FEEF9A7009D4E28 /* PText_ConvertUITests.swift in Sources */,
			);
			runOnlyForDeploymentPostprocessing = 0;
		};
		9A94500E1FE71C1F007CFC2D /* Sources */ = {
			isa = PBXSourcesBuildPhase;
			buildActionMask = 2147483647;
			files = (
				9AD6EE8D1FF595D1008C3CB0 /* JHScanner.swift in Sources */,
				9AAA0DFE215B047900F9158E /* PTTimeParsers.swift in Sources */,
				9AE7E3DC1FEB5E8A00011429 /* PTTextFileParser.swift in Sources */,
				9A9C45921FF9C0FF00B13FDA /* PTEntityParser.swift in Sources */,
			);
			runOnlyForDeploymentPostprocessing = 0;
		};
		9A9450171FE71C1F007CFC2D /* Sources */ = {
			isa = PBXSourcesBuildPhase;
			buildActionMask = 2147483647;
			files = (
				9AB8714B1FF81DB8005E7A15 /* JHScannerTests.swift in Sources */,
				9AAA0E0B215B4C2800F9158E /* PTTextFileParser.swift in Sources */,
				9AAA0E0D215B51D500F9158E /* NSRegularExpressionAdditions_Test.swift in Sources */,
				9AAA0DFF215B047900F9158E /* PTTimeParsers.swift in Sources */,
				9AAA0E0A215B4C2400F9158E /* PTEntityParser.swift in Sources */,
				9AAA0E14215C063700F9158E /* TimeRepresentationTests.swift in Sources */,
				9AD6EE8E1FF595D1008C3CB0 /* JHScanner.swift in Sources */,
				9A9450211FE71C1F007CFC2D /* PKitTests.swift in Sources */,
			);
			runOnlyForDeploymentPostprocessing = 0;
		};
/* End PBXSourcesBuildPhase section */

/* Begin PBXTargetDependency section */
		9A80028D1FEEF9A6009D4E28 /* PBXTargetDependency */ = {
			isa = PBXTargetDependency;
			target = 9A8002791FEEF9A6009D4E28 /* PText Convert */;
			targetProxy = 9A80028C1FEEF9A6009D4E28 /* PBXContainerItemProxy */;
		};
		9A8002981FEEF9A7009D4E28 /* PBXTargetDependency */ = {
			isa = PBXTargetDependency;
			target = 9A8002791FEEF9A6009D4E28 /* PText Convert */;
			targetProxy = 9A8002971FEEF9A7009D4E28 /* PBXContainerItemProxy */;
		};
		9A8002A71FEEF9C4009D4E28 /* PBXTargetDependency */ = {
			isa = PBXTargetDependency;
			target = 9A9450121FE71C1F007CFC2D /* PKit */;
			targetProxy = 9A8002A61FEEF9C4009D4E28 /* PBXContainerItemProxy */;
		};
		9A94501E1FE71C1F007CFC2D /* PBXTargetDependency */ = {
			isa = PBXTargetDependency;
			target = 9A9450121FE71C1F007CFC2D /* PKit */;
			targetProxy = 9A94501D1FE71C1F007CFC2D /* PBXContainerItemProxy */;
		};
/* End PBXTargetDependency section */

/* Begin PBXVariantGroup section */
		9A8002821FEEF9A6009D4E28 /* Main.storyboard */ = {
			isa = PBXVariantGroup;
			children = (
				9A8002831FEEF9A6009D4E28 /* Base */,
			);
			name = Main.storyboard;
			sourceTree = "<group>";
		};
/* End PBXVariantGroup section */

/* Begin XCBuildConfiguration section */
		9A80029E1FEEF9A7009D4E28 /* Debug */ = {
			isa = XCBuildConfiguration;
			buildSettings = {
				ALWAYS_SEARCH_USER_PATHS = NO;
				ASSETCATALOG_COMPILER_APPICON_NAME = AppIcon;
				CLANG_ANALYZER_NONNULL = YES;
				CLANG_ANALYZER_NUMBER_OBJECT_CONVERSION = YES_AGGRESSIVE;
				CLANG_CXX_LANGUAGE_STANDARD = "gnu++14";
				CLANG_CXX_LIBRARY = "libc++";
				CLANG_ENABLE_MODULES = YES;
				CLANG_ENABLE_OBJC_ARC = YES;
				CLANG_WARN_BLOCK_CAPTURE_AUTORELEASING = YES;
				CLANG_WARN_BOOL_CONVERSION = YES;
				CLANG_WARN_COMMA = YES;
				CLANG_WARN_CONSTANT_CONVERSION = YES;
				CLANG_WARN_DIRECT_OBJC_ISA_USAGE = YES_ERROR;
				CLANG_WARN_DOCUMENTATION_COMMENTS = YES;
				CLANG_WARN_EMPTY_BODY = YES;
				CLANG_WARN_ENUM_CONVERSION = YES;
				CLANG_WARN_INFINITE_RECURSION = YES;
				CLANG_WARN_INT_CONVERSION = YES;
				CLANG_WARN_NON_LITERAL_NULL_CONVERSION = YES;
				CLANG_WARN_OBJC_LITERAL_CONVERSION = YES;
				CLANG_WARN_OBJC_ROOT_CLASS = YES_ERROR;
				CLANG_WARN_RANGE_LOOP_ANALYSIS = YES;
				CLANG_WARN_STRICT_PROTOTYPES = YES;
				CLANG_WARN_SUSPICIOUS_MOVE = YES;
				CLANG_WARN_UNGUARDED_AVAILABILITY = YES_AGGRESSIVE;
				CLANG_WARN_UNREACHABLE_CODE = YES;
				CLANG_WARN__DUPLICATE_METHOD_MATCH = YES;
				CODE_SIGN_ENTITLEMENTS = "PText Convert/PText Convert.entitlements";
				CODE_SIGN_IDENTITY = "Mac Developer";
				CODE_SIGN_STYLE = Automatic;
				COMBINE_HIDPI_IMAGES = YES;
				COPY_PHASE_STRIP = NO;
				DEBUG_INFORMATION_FORMAT = dwarf;
				DEVELOPMENT_TEAM = MLT4MJ75T3;
				ENABLE_STRICT_OBJC_MSGSEND = YES;
				ENABLE_TESTABILITY = YES;
				GCC_C_LANGUAGE_STANDARD = gnu11;
				GCC_DYNAMIC_NO_PIC = NO;
				GCC_NO_COMMON_BLOCKS = YES;
				GCC_OPTIMIZATION_LEVEL = 0;
				GCC_PREPROCESSOR_DEFINITIONS = (
					"DEBUG=1",
					"$(inherited)",
				);
				GCC_WARN_64_TO_32_BIT_CONVERSION = YES;
				GCC_WARN_ABOUT_RETURN_TYPE = YES_ERROR;
				GCC_WARN_UNDECLARED_SELECTOR = YES;
				GCC_WARN_UNINITIALIZED_AUTOS = YES_AGGRESSIVE;
				GCC_WARN_UNUSED_FUNCTION = YES;
				GCC_WARN_UNUSED_VARIABLE = YES;
				INFOPLIST_FILE = "PText Convert/Info.plist";
				LD_RUNPATH_SEARCH_PATHS = "$(inherited) @executable_path/../Frameworks";
				MACOSX_DEPLOYMENT_TARGET = 10.13;
				MTL_ENABLE_DEBUG_INFO = YES;
				ONLY_ACTIVE_ARCH = YES;
				PRODUCT_BUNDLE_IDENTIFIER = "com.soundepartment.PText-Convert";
				PRODUCT_NAME = "$(TARGET_NAME)";
				PROVISIONING_PROFILE_SPECIFIER = "";
				SDKROOT = macosx;
				SWIFT_ACTIVE_COMPILATION_CONDITIONS = DEBUG;
				SWIFT_OPTIMIZATION_LEVEL = "-Onone";
				SWIFT_VERSION = 4.2;
			};
			name = Debug;
		};
		9A80029F1FEEF9A7009D4E28 /* Release */ = {
			isa = XCBuildConfiguration;
			buildSettings = {
				ALWAYS_SEARCH_USER_PATHS = NO;
				ASSETCATALOG_COMPILER_APPICON_NAME = AppIcon;
				CLANG_ANALYZER_NONNULL = YES;
				CLANG_ANALYZER_NUMBER_OBJECT_CONVERSION = YES_AGGRESSIVE;
				CLANG_CXX_LANGUAGE_STANDARD = "gnu++14";
				CLANG_CXX_LIBRARY = "libc++";
				CLANG_ENABLE_MODULES = YES;
				CLANG_ENABLE_OBJC_ARC = YES;
				CLANG_WARN_BLOCK_CAPTURE_AUTORELEASING = YES;
				CLANG_WARN_BOOL_CONVERSION = YES;
				CLANG_WARN_COMMA = YES;
				CLANG_WARN_CONSTANT_CONVERSION = YES;
				CLANG_WARN_DIRECT_OBJC_ISA_USAGE = YES_ERROR;
				CLANG_WARN_DOCUMENTATION_COMMENTS = YES;
				CLANG_WARN_EMPTY_BODY = YES;
				CLANG_WARN_ENUM_CONVERSION = YES;
				CLANG_WARN_INFINITE_RECURSION = YES;
				CLANG_WARN_INT_CONVERSION = YES;
				CLANG_WARN_NON_LITERAL_NULL_CONVERSION = YES;
				CLANG_WARN_OBJC_LITERAL_CONVERSION = YES;
				CLANG_WARN_OBJC_ROOT_CLASS = YES_ERROR;
				CLANG_WARN_RANGE_LOOP_ANALYSIS = YES;
				CLANG_WARN_STRICT_PROTOTYPES = YES;
				CLANG_WARN_SUSPICIOUS_MOVE = YES;
				CLANG_WARN_UNGUARDED_AVAILABILITY = YES_AGGRESSIVE;
				CLANG_WARN_UNREACHABLE_CODE = YES;
				CLANG_WARN__DUPLICATE_METHOD_MATCH = YES;
				CODE_SIGN_ENTITLEMENTS = "PText Convert/PText Convert.entitlements";
				CODE_SIGN_IDENTITY = "Mac Developer";
				CODE_SIGN_STYLE = Automatic;
				COMBINE_HIDPI_IMAGES = YES;
				COPY_PHASE_STRIP = NO;
				DEBUG_INFORMATION_FORMAT = "dwarf-with-dsym";
				DEVELOPMENT_TEAM = MLT4MJ75T3;
				ENABLE_NS_ASSERTIONS = NO;
				ENABLE_STRICT_OBJC_MSGSEND = YES;
				GCC_C_LANGUAGE_STANDARD = gnu11;
				GCC_NO_COMMON_BLOCKS = YES;
				GCC_WARN_64_TO_32_BIT_CONVERSION = YES;
				GCC_WARN_ABOUT_RETURN_TYPE = YES_ERROR;
				GCC_WARN_UNDECLARED_SELECTOR = YES;
				GCC_WARN_UNINITIALIZED_AUTOS = YES_AGGRESSIVE;
				GCC_WARN_UNUSED_FUNCTION = YES;
				GCC_WARN_UNUSED_VARIABLE = YES;
				INFOPLIST_FILE = "PText Convert/Info.plist";
				LD_RUNPATH_SEARCH_PATHS = "$(inherited) @executable_path/../Frameworks";
				MACOSX_DEPLOYMENT_TARGET = 10.13;
				MTL_ENABLE_DEBUG_INFO = NO;
				PRODUCT_BUNDLE_IDENTIFIER = "com.soundepartment.PText-Convert";
				PRODUCT_NAME = "$(TARGET_NAME)";
				PROVISIONING_PROFILE_SPECIFIER = "";
				SDKROOT = macosx;
				SWIFT_OPTIMIZATION_LEVEL = "-Owholemodule";
				SWIFT_VERSION = 4.2;
			};
			name = Release;
		};
		9A8002A11FEEF9A7009D4E28 /* Debug */ = {
			isa = XCBuildConfiguration;
			buildSettings = {
				ALWAYS_EMBED_SWIFT_STANDARD_LIBRARIES = YES;
				ALWAYS_SEARCH_USER_PATHS = NO;
				BUNDLE_LOADER = "$(TEST_HOST)";
				CLANG_ANALYZER_NONNULL = YES;
				CLANG_ANALYZER_NUMBER_OBJECT_CONVERSION = YES_AGGRESSIVE;
				CLANG_CXX_LANGUAGE_STANDARD = "gnu++14";
				CLANG_CXX_LIBRARY = "libc++";
				CLANG_ENABLE_MODULES = YES;
				CLANG_ENABLE_OBJC_ARC = YES;
				CLANG_WARN_BLOCK_CAPTURE_AUTORELEASING = YES;
				CLANG_WARN_BOOL_CONVERSION = YES;
				CLANG_WARN_COMMA = YES;
				CLANG_WARN_CONSTANT_CONVERSION = YES;
				CLANG_WARN_DIRECT_OBJC_ISA_USAGE = YES_ERROR;
				CLANG_WARN_DOCUMENTATION_COMMENTS = YES;
				CLANG_WARN_EMPTY_BODY = YES;
				CLANG_WARN_ENUM_CONVERSION = YES;
				CLANG_WARN_INFINITE_RECURSION = YES;
				CLANG_WARN_INT_CONVERSION = YES;
				CLANG_WARN_NON_LITERAL_NULL_CONVERSION = YES;
				CLANG_WARN_OBJC_LITERAL_CONVERSION = YES;
				CLANG_WARN_OBJC_ROOT_CLASS = YES_ERROR;
				CLANG_WARN_RANGE_LOOP_ANALYSIS = YES;
				CLANG_WARN_STRICT_PROTOTYPES = YES;
				CLANG_WARN_SUSPICIOUS_MOVE = YES;
				CLANG_WARN_UNGUARDED_AVAILABILITY = YES_AGGRESSIVE;
				CLANG_WARN_UNREACHABLE_CODE = YES;
				CLANG_WARN__DUPLICATE_METHOD_MATCH = YES;
				CODE_SIGN_IDENTITY = "";
				CODE_SIGN_STYLE = Automatic;
				COMBINE_HIDPI_IMAGES = YES;
				COPY_PHASE_STRIP = NO;
				DEBUG_INFORMATION_FORMAT = dwarf;
				DEVELOPMENT_TEAM = MLT4MJ75T3;
				ENABLE_STRICT_OBJC_MSGSEND = YES;
				ENABLE_TESTABILITY = YES;
				GCC_C_LANGUAGE_STANDARD = gnu11;
				GCC_DYNAMIC_NO_PIC = NO;
				GCC_NO_COMMON_BLOCKS = YES;
				GCC_OPTIMIZATION_LEVEL = 0;
				GCC_PREPROCESSOR_DEFINITIONS = (
					"DEBUG=1",
					"$(inherited)",
				);
				GCC_WARN_64_TO_32_BIT_CONVERSION = YES;
				GCC_WARN_ABOUT_RETURN_TYPE = YES_ERROR;
				GCC_WARN_UNDECLARED_SELECTOR = YES;
				GCC_WARN_UNINITIALIZED_AUTOS = YES_AGGRESSIVE;
				GCC_WARN_UNUSED_FUNCTION = YES;
				GCC_WARN_UNUSED_VARIABLE = YES;
				INFOPLIST_FILE = "PText ConvertTests/Info.plist";
				LD_RUNPATH_SEARCH_PATHS = "$(inherited) @executable_path/../Frameworks @loader_path/../Frameworks";
				MACOSX_DEPLOYMENT_TARGET = 10.13;
				MTL_ENABLE_DEBUG_INFO = YES;
				ONLY_ACTIVE_ARCH = YES;
				PRODUCT_BUNDLE_IDENTIFIER = "com.soundepartment.PText-ConvertTests";
				PRODUCT_NAME = "$(TARGET_NAME)";
				SDKROOT = macosx;
				SWIFT_ACTIVE_COMPILATION_CONDITIONS = DEBUG;
				SWIFT_OPTIMIZATION_LEVEL = "-Onone";
				SWIFT_VERSION = 4.2;
				TEST_HOST = "$(BUILT_PRODUCTS_DIR)/PText Convert.app/Contents/MacOS/PText Convert";
			};
			name = Debug;
		};
		9A8002A21FEEF9A7009D4E28 /* Release */ = {
			isa = XCBuildConfiguration;
			buildSettings = {
				ALWAYS_EMBED_SWIFT_STANDARD_LIBRARIES = YES;
				ALWAYS_SEARCH_USER_PATHS = NO;
				BUNDLE_LOADER = "$(TEST_HOST)";
				CLANG_ANALYZER_NONNULL = YES;
				CLANG_ANALYZER_NUMBER_OBJECT_CONVERSION = YES_AGGRESSIVE;
				CLANG_CXX_LANGUAGE_STANDARD = "gnu++14";
				CLANG_CXX_LIBRARY = "libc++";
				CLANG_ENABLE_MODULES = YES;
				CLANG_ENABLE_OBJC_ARC = YES;
				CLANG_WARN_BLOCK_CAPTURE_AUTORELEASING = YES;
				CLANG_WARN_BOOL_CONVERSION = YES;
				CLANG_WARN_COMMA = YES;
				CLANG_WARN_CONSTANT_CONVERSION = YES;
				CLANG_WARN_DIRECT_OBJC_ISA_USAGE = YES_ERROR;
				CLANG_WARN_DOCUMENTATION_COMMENTS = YES;
				CLANG_WARN_EMPTY_BODY = YES;
				CLANG_WARN_ENUM_CONVERSION = YES;
				CLANG_WARN_INFINITE_RECURSION = YES;
				CLANG_WARN_INT_CONVERSION = YES;
				CLANG_WARN_NON_LITERAL_NULL_CONVERSION = YES;
				CLANG_WARN_OBJC_LITERAL_CONVERSION = YES;
				CLANG_WARN_OBJC_ROOT_CLASS = YES_ERROR;
				CLANG_WARN_RANGE_LOOP_ANALYSIS = YES;
				CLANG_WARN_STRICT_PROTOTYPES = YES;
				CLANG_WARN_SUSPICIOUS_MOVE = YES;
				CLANG_WARN_UNGUARDED_AVAILABILITY = YES_AGGRESSIVE;
				CLANG_WARN_UNREACHABLE_CODE = YES;
				CLANG_WARN__DUPLICATE_METHOD_MATCH = YES;
				CODE_SIGN_IDENTITY = "";
				CODE_SIGN_STYLE = Automatic;
				COMBINE_HIDPI_IMAGES = YES;
				COPY_PHASE_STRIP = NO;
				DEBUG_INFORMATION_FORMAT = "dwarf-with-dsym";
				DEVELOPMENT_TEAM = MLT4MJ75T3;
				ENABLE_NS_ASSERTIONS = NO;
				ENABLE_STRICT_OBJC_MSGSEND = YES;
				GCC_C_LANGUAGE_STANDARD = gnu11;
				GCC_NO_COMMON_BLOCKS = YES;
				GCC_WARN_64_TO_32_BIT_CONVERSION = YES;
				GCC_WARN_ABOUT_RETURN_TYPE = YES_ERROR;
				GCC_WARN_UNDECLARED_SELECTOR = YES;
				GCC_WARN_UNINITIALIZED_AUTOS = YES_AGGRESSIVE;
				GCC_WARN_UNUSED_FUNCTION = YES;
				GCC_WARN_UNUSED_VARIABLE = YES;
				INFOPLIST_FILE = "PText ConvertTests/Info.plist";
				LD_RUNPATH_SEARCH_PATHS = "$(inherited) @executable_path/../Frameworks @loader_path/../Frameworks";
				MACOSX_DEPLOYMENT_TARGET = 10.13;
				MTL_ENABLE_DEBUG_INFO = NO;
				PRODUCT_BUNDLE_IDENTIFIER = "com.soundepartment.PText-ConvertTests";
				PRODUCT_NAME = "$(TARGET_NAME)";
				SDKROOT = macosx;
				SWIFT_OPTIMIZATION_LEVEL = "-Owholemodule";
				SWIFT_VERSION = 4.2;
				TEST_HOST = "$(BUILT_PRODUCTS_DIR)/PText Convert.app/Contents/MacOS/PText Convert";
			};
			name = Release;
		};
		9A8002A41FEEF9A7009D4E28 /* Debug */ = {
			isa = XCBuildConfiguration;
			buildSettings = {
				ALWAYS_EMBED_SWIFT_STANDARD_LIBRARIES = YES;
				ALWAYS_SEARCH_USER_PATHS = NO;
				CLANG_ANALYZER_NONNULL = YES;
				CLANG_ANALYZER_NUMBER_OBJECT_CONVERSION = YES_AGGRESSIVE;
				CLANG_CXX_LANGUAGE_STANDARD = "gnu++14";
				CLANG_CXX_LIBRARY = "libc++";
				CLANG_ENABLE_MODULES = YES;
				CLANG_ENABLE_OBJC_ARC = YES;
				CLANG_WARN_BLOCK_CAPTURE_AUTORELEASING = YES;
				CLANG_WARN_BOOL_CONVERSION = YES;
				CLANG_WARN_COMMA = YES;
				CLANG_WARN_CONSTANT_CONVERSION = YES;
				CLANG_WARN_DIRECT_OBJC_ISA_USAGE = YES_ERROR;
				CLANG_WARN_DOCUMENTATION_COMMENTS = YES;
				CLANG_WARN_EMPTY_BODY = YES;
				CLANG_WARN_ENUM_CONVERSION = YES;
				CLANG_WARN_INFINITE_RECURSION = YES;
				CLANG_WARN_INT_CONVERSION = YES;
				CLANG_WARN_NON_LITERAL_NULL_CONVERSION = YES;
				CLANG_WARN_OBJC_LITERAL_CONVERSION = YES;
				CLANG_WARN_OBJC_ROOT_CLASS = YES_ERROR;
				CLANG_WARN_RANGE_LOOP_ANALYSIS = YES;
				CLANG_WARN_STRICT_PROTOTYPES = YES;
				CLANG_WARN_SUSPICIOUS_MOVE = YES;
				CLANG_WARN_UNGUARDED_AVAILABILITY = YES_AGGRESSIVE;
				CLANG_WARN_UNREACHABLE_CODE = YES;
				CLANG_WARN__DUPLICATE_METHOD_MATCH = YES;
				CODE_SIGN_IDENTITY = "Mac Developer";
				CODE_SIGN_STYLE = Automatic;
				COMBINE_HIDPI_IMAGES = YES;
				COPY_PHASE_STRIP = NO;
				DEBUG_INFORMATION_FORMAT = dwarf;
				DEVELOPMENT_TEAM = MLT4MJ75T3;
				ENABLE_STRICT_OBJC_MSGSEND = YES;
				ENABLE_TESTABILITY = YES;
				GCC_C_LANGUAGE_STANDARD = gnu11;
				GCC_DYNAMIC_NO_PIC = NO;
				GCC_NO_COMMON_BLOCKS = YES;
				GCC_OPTIMIZATION_LEVEL = 0;
				GCC_PREPROCESSOR_DEFINITIONS = (
					"DEBUG=1",
					"$(inherited)",
				);
				GCC_WARN_64_TO_32_BIT_CONVERSION = YES;
				GCC_WARN_ABOUT_RETURN_TYPE = YES_ERROR;
				GCC_WARN_UNDECLARED_SELECTOR = YES;
				GCC_WARN_UNINITIALIZED_AUTOS = YES_AGGRESSIVE;
				GCC_WARN_UNUSED_FUNCTION = YES;
				GCC_WARN_UNUSED_VARIABLE = YES;
				INFOPLIST_FILE = "PText ConvertUITests/Info.plist";
				LD_RUNPATH_SEARCH_PATHS = "$(inherited) @executable_path/../Frameworks @loader_path/../Frameworks";
				MACOSX_DEPLOYMENT_TARGET = 10.13;
				MTL_ENABLE_DEBUG_INFO = YES;
				ONLY_ACTIVE_ARCH = YES;
				PRODUCT_BUNDLE_IDENTIFIER = "com.soundepartment.PText-ConvertUITests";
				PRODUCT_NAME = "$(TARGET_NAME)";
				SDKROOT = macosx;
				SWIFT_ACTIVE_COMPILATION_CONDITIONS = DEBUG;
				SWIFT_OPTIMIZATION_LEVEL = "-Onone";
				SWIFT_VERSION = 4.2;
				TEST_TARGET_NAME = "PText Convert";
			};
			name = Debug;
		};
		9A8002A51FEEF9A7009D4E28 /* Release */ = {
			isa = XCBuildConfiguration;
			buildSettings = {
				ALWAYS_EMBED_SWIFT_STANDARD_LIBRARIES = YES;
				ALWAYS_SEARCH_USER_PATHS = NO;
				CLANG_ANALYZER_NONNULL = YES;
				CLANG_ANALYZER_NUMBER_OBJECT_CONVERSION = YES_AGGRESSIVE;
				CLANG_CXX_LANGUAGE_STANDARD = "gnu++14";
				CLANG_CXX_LIBRARY = "libc++";
				CLANG_ENABLE_MODULES = YES;
				CLANG_ENABLE_OBJC_ARC = YES;
				CLANG_WARN_BLOCK_CAPTURE_AUTORELEASING = YES;
				CLANG_WARN_BOOL_CONVERSION = YES;
				CLANG_WARN_COMMA = YES;
				CLANG_WARN_CONSTANT_CONVERSION = YES;
				CLANG_WARN_DIRECT_OBJC_ISA_USAGE = YES_ERROR;
				CLANG_WARN_DOCUMENTATION_COMMENTS = YES;
				CLANG_WARN_EMPTY_BODY = YES;
				CLANG_WARN_ENUM_CONVERSION = YES;
				CLANG_WARN_INFINITE_RECURSION = YES;
				CLANG_WARN_INT_CONVERSION = YES;
				CLANG_WARN_NON_LITERAL_NULL_CONVERSION = YES;
				CLANG_WARN_OBJC_LITERAL_CONVERSION = YES;
				CLANG_WARN_OBJC_ROOT_CLASS = YES_ERROR;
				CLANG_WARN_RANGE_LOOP_ANALYSIS = YES;
				CLANG_WARN_STRICT_PROTOTYPES = YES;
				CLANG_WARN_SUSPICIOUS_MOVE = YES;
				CLANG_WARN_UNGUARDED_AVAILABILITY = YES_AGGRESSIVE;
				CLANG_WARN_UNREACHABLE_CODE = YES;
				CLANG_WARN__DUPLICATE_METHOD_MATCH = YES;
				CODE_SIGN_IDENTITY = "Mac Developer";
				CODE_SIGN_STYLE = Automatic;
				COMBINE_HIDPI_IMAGES = YES;
				COPY_PHASE_STRIP = NO;
				DEBUG_INFORMATION_FORMAT = "dwarf-with-dsym";
				DEVELOPMENT_TEAM = MLT4MJ75T3;
				ENABLE_NS_ASSERTIONS = NO;
				ENABLE_STRICT_OBJC_MSGSEND = YES;
				GCC_C_LANGUAGE_STANDARD = gnu11;
				GCC_NO_COMMON_BLOCKS = YES;
				GCC_WARN_64_TO_32_BIT_CONVERSION = YES;
				GCC_WARN_ABOUT_RETURN_TYPE = YES_ERROR;
				GCC_WARN_UNDECLARED_SELECTOR = YES;
				GCC_WARN_UNINITIALIZED_AUTOS = YES_AGGRESSIVE;
				GCC_WARN_UNUSED_FUNCTION = YES;
				GCC_WARN_UNUSED_VARIABLE = YES;
				INFOPLIST_FILE = "PText ConvertUITests/Info.plist";
				LD_RUNPATH_SEARCH_PATHS = "$(inherited) @executable_path/../Frameworks @loader_path/../Frameworks";
				MACOSX_DEPLOYMENT_TARGET = 10.13;
				MTL_ENABLE_DEBUG_INFO = NO;
				PRODUCT_BUNDLE_IDENTIFIER = "com.soundepartment.PText-ConvertUITests";
				PRODUCT_NAME = "$(TARGET_NAME)";
				SDKROOT = macosx;
				SWIFT_OPTIMIZATION_LEVEL = "-Owholemodule";
				SWIFT_VERSION = 4.2;
				TEST_TARGET_NAME = "PText Convert";
			};
			name = Release;
		};
		9A944FEA1FE713EF007CFC2D /* Debug */ = {
			isa = XCBuildConfiguration;
			buildSettings = {
				CLANG_WARN_BLOCK_CAPTURE_AUTORELEASING = YES;
				CLANG_WARN_BOOL_CONVERSION = YES;
				CLANG_WARN_COMMA = YES;
				CLANG_WARN_CONSTANT_CONVERSION = YES;
				CLANG_WARN_DEPRECATED_OBJC_IMPLEMENTATIONS = YES;
				CLANG_WARN_EMPTY_BODY = YES;
				CLANG_WARN_ENUM_CONVERSION = YES;
				CLANG_WARN_INFINITE_RECURSION = YES;
				CLANG_WARN_INT_CONVERSION = YES;
				CLANG_WARN_NON_LITERAL_NULL_CONVERSION = YES;
				CLANG_WARN_OBJC_IMPLICIT_RETAIN_SELF = YES;
				CLANG_WARN_OBJC_LITERAL_CONVERSION = YES;
				CLANG_WARN_RANGE_LOOP_ANALYSIS = YES;
				CLANG_WARN_STRICT_PROTOTYPES = YES;
				CLANG_WARN_SUSPICIOUS_MOVE = YES;
				CLANG_WARN_UNREACHABLE_CODE = YES;
				CLANG_WARN__DUPLICATE_METHOD_MATCH = YES;
				ENABLE_STRICT_OBJC_MSGSEND = YES;
				ENABLE_TESTABILITY = YES;
				GCC_NO_COMMON_BLOCKS = YES;
				GCC_WARN_64_TO_32_BIT_CONVERSION = YES;
				GCC_WARN_ABOUT_RETURN_TYPE = YES;
				GCC_WARN_UNDECLARED_SELECTOR = YES;
				GCC_WARN_UNINITIALIZED_AUTOS = YES;
				GCC_WARN_UNUSED_FUNCTION = YES;
				GCC_WARN_UNUSED_VARIABLE = YES;
				ONLY_ACTIVE_ARCH = YES;
			};
			name = Debug;
		};
		9A944FEB1FE713EF007CFC2D /* Release */ = {
			isa = XCBuildConfiguration;
			buildSettings = {
				CLANG_WARN_BLOCK_CAPTURE_AUTORELEASING = YES;
				CLANG_WARN_BOOL_CONVERSION = YES;
				CLANG_WARN_COMMA = YES;
				CLANG_WARN_CONSTANT_CONVERSION = YES;
				CLANG_WARN_DEPRECATED_OBJC_IMPLEMENTATIONS = YES;
				CLANG_WARN_EMPTY_BODY = YES;
				CLANG_WARN_ENUM_CONVERSION = YES;
				CLANG_WARN_INFINITE_RECURSION = YES;
				CLANG_WARN_INT_CONVERSION = YES;
				CLANG_WARN_NON_LITERAL_NULL_CONVERSION = YES;
				CLANG_WARN_OBJC_IMPLICIT_RETAIN_SELF = YES;
				CLANG_WARN_OBJC_LITERAL_CONVERSION = YES;
				CLANG_WARN_RANGE_LOOP_ANALYSIS = YES;
				CLANG_WARN_STRICT_PROTOTYPES = YES;
				CLANG_WARN_SUSPICIOUS_MOVE = YES;
				CLANG_WARN_UNREACHABLE_CODE = YES;
				CLANG_WARN__DUPLICATE_METHOD_MATCH = YES;
				ENABLE_STRICT_OBJC_MSGSEND = YES;
				GCC_NO_COMMON_BLOCKS = YES;
				GCC_WARN_64_TO_32_BIT_CONVERSION = YES;
				GCC_WARN_ABOUT_RETURN_TYPE = YES;
				GCC_WARN_UNDECLARED_SELECTOR = YES;
				GCC_WARN_UNINITIALIZED_AUTOS = YES;
				GCC_WARN_UNUSED_FUNCTION = YES;
				GCC_WARN_UNUSED_VARIABLE = YES;
			};
			name = Release;
		};
		9A9450251FE71C1F007CFC2D /* Debug */ = {
			isa = XCBuildConfiguration;
			buildSettings = {
				ALWAYS_SEARCH_USER_PATHS = NO;
				CLANG_ANALYZER_NONNULL = YES;
				CLANG_ANALYZER_NUMBER_OBJECT_CONVERSION = YES_AGGRESSIVE;
				CLANG_CXX_LANGUAGE_STANDARD = "gnu++14";
				CLANG_CXX_LIBRARY = "libc++";
				CLANG_ENABLE_MODULES = YES;
				CLANG_ENABLE_OBJC_ARC = YES;
				CLANG_WARN_BLOCK_CAPTURE_AUTORELEASING = YES;
				CLANG_WARN_BOOL_CONVERSION = YES;
				CLANG_WARN_COMMA = YES;
				CLANG_WARN_CONSTANT_CONVERSION = YES;
				CLANG_WARN_DIRECT_OBJC_ISA_USAGE = YES_ERROR;
				CLANG_WARN_DOCUMENTATION_COMMENTS = YES;
				CLANG_WARN_EMPTY_BODY = YES;
				CLANG_WARN_ENUM_CONVERSION = YES;
				CLANG_WARN_INFINITE_RECURSION = YES;
				CLANG_WARN_INT_CONVERSION = YES;
				CLANG_WARN_NON_LITERAL_NULL_CONVERSION = YES;
				CLANG_WARN_OBJC_LITERAL_CONVERSION = YES;
				CLANG_WARN_OBJC_ROOT_CLASS = YES_ERROR;
				CLANG_WARN_RANGE_LOOP_ANALYSIS = YES;
				CLANG_WARN_STRICT_PROTOTYPES = YES;
				CLANG_WARN_SUSPICIOUS_MOVE = YES;
				CLANG_WARN_UNGUARDED_AVAILABILITY = YES_AGGRESSIVE;
				CLANG_WARN_UNREACHABLE_CODE = YES;
				CLANG_WARN__DUPLICATE_METHOD_MATCH = YES;
				CODE_SIGN_IDENTITY = "";
				CODE_SIGN_STYLE = Manual;
				COMBINE_HIDPI_IMAGES = YES;
				COPY_PHASE_STRIP = NO;
				CURRENT_PROJECT_VERSION = 1;
				DEBUG_INFORMATION_FORMAT = dwarf;
				DEFINES_MODULE = YES;
				DEVELOPMENT_TEAM = MLT4MJ75T3;
				DYLIB_COMPATIBILITY_VERSION = 1;
				DYLIB_CURRENT_VERSION = 1;
				DYLIB_INSTALL_NAME_BASE = "@rpath";
				ENABLE_STRICT_OBJC_MSGSEND = YES;
				ENABLE_TESTABILITY = YES;
				FRAMEWORK_VERSION = A;
				GCC_C_LANGUAGE_STANDARD = gnu11;
				GCC_DYNAMIC_NO_PIC = NO;
				GCC_NO_COMMON_BLOCKS = YES;
				GCC_OPTIMIZATION_LEVEL = 0;
				GCC_PREPROCESSOR_DEFINITIONS = (
					"DEBUG=1",
					"$(inherited)",
				);
				GCC_WARN_64_TO_32_BIT_CONVERSION = YES;
				GCC_WARN_ABOUT_RETURN_TYPE = YES_ERROR;
				GCC_WARN_UNDECLARED_SELECTOR = YES;
				GCC_WARN_UNINITIALIZED_AUTOS = YES_AGGRESSIVE;
				GCC_WARN_UNUSED_FUNCTION = YES;
				GCC_WARN_UNUSED_VARIABLE = YES;
				INFOPLIST_FILE = PKit/Info.plist;
				INSTALL_PATH = "$(LOCAL_LIBRARY_DIR)/Frameworks";
				LD_RUNPATH_SEARCH_PATHS = "$(inherited) @executable_path/../Frameworks @loader_path/Frameworks";
				MACOSX_DEPLOYMENT_TARGET = 10.13;
				MTL_ENABLE_DEBUG_INFO = YES;
				ONLY_ACTIVE_ARCH = YES;
				PRODUCT_BUNDLE_IDENTIFIER = com.soundepartment.PKit;
				PRODUCT_NAME = "$(TARGET_NAME:c99extidentifier)";
				PROVISIONING_PROFILE_SPECIFIER = "";
				SDKROOT = macosx;
				SKIP_INSTALL = YES;
				SWIFT_ACTIVE_COMPILATION_CONDITIONS = DEBUG;
				SWIFT_OPTIMIZATION_LEVEL = "-Onone";
				SWIFT_VERSION = 4.2;
				VERSIONING_SYSTEM = "apple-generic";
				VERSION_INFO_PREFIX = "";
			};
			name = Debug;
		};
		9A9450261FE71C1F007CFC2D /* Release */ = {
			isa = XCBuildConfiguration;
			buildSettings = {
				ALWAYS_SEARCH_USER_PATHS = NO;
				CLANG_ANALYZER_NONNULL = YES;
				CLANG_ANALYZER_NUMBER_OBJECT_CONVERSION = YES_AGGRESSIVE;
				CLANG_CXX_LANGUAGE_STANDARD = "gnu++14";
				CLANG_CXX_LIBRARY = "libc++";
				CLANG_ENABLE_MODULES = YES;
				CLANG_ENABLE_OBJC_ARC = YES;
				CLANG_WARN_BLOCK_CAPTURE_AUTORELEASING = YES;
				CLANG_WARN_BOOL_CONVERSION = YES;
				CLANG_WARN_COMMA = YES;
				CLANG_WARN_CONSTANT_CONVERSION = YES;
				CLANG_WARN_DIRECT_OBJC_ISA_USAGE = YES_ERROR;
				CLANG_WARN_DOCUMENTATION_COMMENTS = YES;
				CLANG_WARN_EMPTY_BODY = YES;
				CLANG_WARN_ENUM_CONVERSION = YES;
				CLANG_WARN_INFINITE_RECURSION = YES;
				CLANG_WARN_INT_CONVERSION = YES;
				CLANG_WARN_NON_LITERAL_NULL_CONVERSION = YES;
				CLANG_WARN_OBJC_LITERAL_CONVERSION = YES;
				CLANG_WARN_OBJC_ROOT_CLASS = YES_ERROR;
				CLANG_WARN_RANGE_LOOP_ANALYSIS = YES;
				CLANG_WARN_STRICT_PROTOTYPES = YES;
				CLANG_WARN_SUSPICIOUS_MOVE = YES;
				CLANG_WARN_UNGUARDED_AVAILABILITY = YES_AGGRESSIVE;
				CLANG_WARN_UNREACHABLE_CODE = YES;
				CLANG_WARN__DUPLICATE_METHOD_MATCH = YES;
				CODE_SIGN_IDENTITY = "";
				CODE_SIGN_STYLE = Manual;
				COMBINE_HIDPI_IMAGES = YES;
				COPY_PHASE_STRIP = NO;
				CURRENT_PROJECT_VERSION = 1;
				DEBUG_INFORMATION_FORMAT = "dwarf-with-dsym";
				DEFINES_MODULE = YES;
				DEVELOPMENT_TEAM = MLT4MJ75T3;
				DYLIB_COMPATIBILITY_VERSION = 1;
				DYLIB_CURRENT_VERSION = 1;
				DYLIB_INSTALL_NAME_BASE = "@rpath";
				ENABLE_NS_ASSERTIONS = NO;
				ENABLE_STRICT_OBJC_MSGSEND = YES;
				FRAMEWORK_VERSION = A;
				GCC_C_LANGUAGE_STANDARD = gnu11;
				GCC_NO_COMMON_BLOCKS = YES;
				GCC_WARN_64_TO_32_BIT_CONVERSION = YES;
				GCC_WARN_ABOUT_RETURN_TYPE = YES_ERROR;
				GCC_WARN_UNDECLARED_SELECTOR = YES;
				GCC_WARN_UNINITIALIZED_AUTOS = YES_AGGRESSIVE;
				GCC_WARN_UNUSED_FUNCTION = YES;
				GCC_WARN_UNUSED_VARIABLE = YES;
				INFOPLIST_FILE = PKit/Info.plist;
				INSTALL_PATH = "$(LOCAL_LIBRARY_DIR)/Frameworks";
				LD_RUNPATH_SEARCH_PATHS = "$(inherited) @executable_path/../Frameworks @loader_path/Frameworks";
				MACOSX_DEPLOYMENT_TARGET = 10.13;
				MTL_ENABLE_DEBUG_INFO = NO;
				PRODUCT_BUNDLE_IDENTIFIER = com.soundepartment.PKit;
				PRODUCT_NAME = "$(TARGET_NAME:c99extidentifier)";
				PROVISIONING_PROFILE_SPECIFIER = "";
				SDKROOT = macosx;
				SKIP_INSTALL = YES;
				SWIFT_OPTIMIZATION_LEVEL = "-Owholemodule";
				SWIFT_VERSION = 4.2;
				VERSIONING_SYSTEM = "apple-generic";
				VERSION_INFO_PREFIX = "";
			};
			name = Release;
		};
		9A9450281FE71C1F007CFC2D /* Debug */ = {
			isa = XCBuildConfiguration;
			buildSettings = {
				ALWAYS_EMBED_SWIFT_STANDARD_LIBRARIES = YES;
				ALWAYS_SEARCH_USER_PATHS = NO;
				CLANG_ANALYZER_NONNULL = YES;
				CLANG_ANALYZER_NUMBER_OBJECT_CONVERSION = YES_AGGRESSIVE;
				CLANG_CXX_LANGUAGE_STANDARD = "gnu++14";
				CLANG_CXX_LIBRARY = "libc++";
				CLANG_ENABLE_MODULES = YES;
				CLANG_ENABLE_OBJC_ARC = YES;
				CLANG_WARN_BLOCK_CAPTURE_AUTORELEASING = YES;
				CLANG_WARN_BOOL_CONVERSION = YES;
				CLANG_WARN_COMMA = YES;
				CLANG_WARN_CONSTANT_CONVERSION = YES;
				CLANG_WARN_DIRECT_OBJC_ISA_USAGE = YES_ERROR;
				CLANG_WARN_DOCUMENTATION_COMMENTS = YES;
				CLANG_WARN_EMPTY_BODY = YES;
				CLANG_WARN_ENUM_CONVERSION = YES;
				CLANG_WARN_INFINITE_RECURSION = YES;
				CLANG_WARN_INT_CONVERSION = YES;
				CLANG_WARN_NON_LITERAL_NULL_CONVERSION = YES;
				CLANG_WARN_OBJC_LITERAL_CONVERSION = YES;
				CLANG_WARN_OBJC_ROOT_CLASS = YES_ERROR;
				CLANG_WARN_RANGE_LOOP_ANALYSIS = YES;
				CLANG_WARN_STRICT_PROTOTYPES = YES;
				CLANG_WARN_SUSPICIOUS_MOVE = YES;
				CLANG_WARN_UNGUARDED_AVAILABILITY = YES_AGGRESSIVE;
				CLANG_WARN_UNREACHABLE_CODE = YES;
				CLANG_WARN__DUPLICATE_METHOD_MATCH = YES;
				CODE_SIGN_IDENTITY = "";
				CODE_SIGN_STYLE = Automatic;
				COMBINE_HIDPI_IMAGES = YES;
				COPY_PHASE_STRIP = NO;
				DEBUG_INFORMATION_FORMAT = dwarf;
				DEVELOPMENT_TEAM = MLT4MJ75T3;
				ENABLE_STRICT_OBJC_MSGSEND = YES;
				ENABLE_TESTABILITY = YES;
				GCC_C_LANGUAGE_STANDARD = gnu11;
				GCC_DYNAMIC_NO_PIC = NO;
				GCC_NO_COMMON_BLOCKS = YES;
				GCC_OPTIMIZATION_LEVEL = 0;
				GCC_PREPROCESSOR_DEFINITIONS = (
					"DEBUG=1",
					"$(inherited)",
				);
				GCC_WARN_64_TO_32_BIT_CONVERSION = YES;
				GCC_WARN_ABOUT_RETURN_TYPE = YES_ERROR;
				GCC_WARN_UNDECLARED_SELECTOR = YES;
				GCC_WARN_UNINITIALIZED_AUTOS = YES_AGGRESSIVE;
				GCC_WARN_UNUSED_FUNCTION = YES;
				GCC_WARN_UNUSED_VARIABLE = YES;
				INFOPLIST_FILE = PKitTests/Info.plist;
				LD_RUNPATH_SEARCH_PATHS = "$(inherited) @executable_path/../Frameworks @loader_path/../Frameworks";
				MACOSX_DEPLOYMENT_TARGET = 10.13;
				MTL_ENABLE_DEBUG_INFO = YES;
				ONLY_ACTIVE_ARCH = YES;
				PRODUCT_BUNDLE_IDENTIFIER = com.soundepartment.PKitTests;
				PRODUCT_NAME = "$(TARGET_NAME)";
				SDKROOT = macosx;
				SWIFT_ACTIVE_COMPILATION_CONDITIONS = DEBUG;
				SWIFT_OPTIMIZATION_LEVEL = "-Onone";
				SWIFT_VERSION = 4.2;
			};
			name = Debug;
		};
		9A9450291FE71C1F007CFC2D /* Release */ = {
			isa = XCBuildConfiguration;
			buildSettings = {
				ALWAYS_EMBED_SWIFT_STANDARD_LIBRARIES = YES;
				ALWAYS_SEARCH_USER_PATHS = NO;
				CLANG_ANALYZER_NONNULL = YES;
				CLANG_ANALYZER_NUMBER_OBJECT_CONVERSION = YES_AGGRESSIVE;
				CLANG_CXX_LANGUAGE_STANDARD = "gnu++14";
				CLANG_CXX_LIBRARY = "libc++";
				CLANG_ENABLE_MODULES = YES;
				CLANG_ENABLE_OBJC_ARC = YES;
				CLANG_WARN_BLOCK_CAPTURE_AUTORELEASING = YES;
				CLANG_WARN_BOOL_CONVERSION = YES;
				CLANG_WARN_COMMA = YES;
				CLANG_WARN_CONSTANT_CONVERSION = YES;
				CLANG_WARN_DIRECT_OBJC_ISA_USAGE = YES_ERROR;
				CLANG_WARN_DOCUMENTATION_COMMENTS = YES;
				CLANG_WARN_EMPTY_BODY = YES;
				CLANG_WARN_ENUM_CONVERSION = YES;
				CLANG_WARN_INFINITE_RECURSION = YES;
				CLANG_WARN_INT_CONVERSION = YES;
				CLANG_WARN_NON_LITERAL_NULL_CONVERSION = YES;
				CLANG_WARN_OBJC_LITERAL_CONVERSION = YES;
				CLANG_WARN_OBJC_ROOT_CLASS = YES_ERROR;
				CLANG_WARN_RANGE_LOOP_ANALYSIS = YES;
				CLANG_WARN_STRICT_PROTOTYPES = YES;
				CLANG_WARN_SUSPICIOUS_MOVE = YES;
				CLANG_WARN_UNGUARDED_AVAILABILITY = YES_AGGRESSIVE;
				CLANG_WARN_UNREACHABLE_CODE = YES;
				CLANG_WARN__DUPLICATE_METHOD_MATCH = YES;
				CODE_SIGN_IDENTITY = "";
				CODE_SIGN_STYLE = Automatic;
				COMBINE_HIDPI_IMAGES = YES;
				COPY_PHASE_STRIP = NO;
				DEBUG_INFORMATION_FORMAT = "dwarf-with-dsym";
				DEVELOPMENT_TEAM = MLT4MJ75T3;
				ENABLE_NS_ASSERTIONS = NO;
				ENABLE_STRICT_OBJC_MSGSEND = YES;
				GCC_C_LANGUAGE_STANDARD = gnu11;
				GCC_NO_COMMON_BLOCKS = YES;
				GCC_WARN_64_TO_32_BIT_CONVERSION = YES;
				GCC_WARN_ABOUT_RETURN_TYPE = YES_ERROR;
				GCC_WARN_UNDECLARED_SELECTOR = YES;
				GCC_WARN_UNINITIALIZED_AUTOS = YES_AGGRESSIVE;
				GCC_WARN_UNUSED_FUNCTION = YES;
				GCC_WARN_UNUSED_VARIABLE = YES;
				INFOPLIST_FILE = PKitTests/Info.plist;
				LD_RUNPATH_SEARCH_PATHS = "$(inherited) @executable_path/../Frameworks @loader_path/../Frameworks";
				MACOSX_DEPLOYMENT_TARGET = 10.13;
				MTL_ENABLE_DEBUG_INFO = NO;
				PRODUCT_BUNDLE_IDENTIFIER = com.soundepartment.PKitTests;
				PRODUCT_NAME = "$(TARGET_NAME)";
				SDKROOT = macosx;
				SWIFT_OPTIMIZATION_LEVEL = "-Owholemodule";
				SWIFT_VERSION = 4.2;
			};
			name = Release;
		};
/* End XCBuildConfiguration section */

/* Begin XCConfigurationList section */
		9A80029D1FEEF9A7009D4E28 /* Build configuration list for PBXNativeTarget "PText Convert" */ = {
			isa = XCConfigurationList;
			buildConfigurations = (
				9A80029E1FEEF9A7009D4E28 /* Debug */,
				9A80029F1FEEF9A7009D4E28 /* Release */,
			);
			defaultConfigurationIsVisible = 0;
			defaultConfigurationName = Release;
		};
		9A8002A01FEEF9A7009D4E28 /* Build configuration list for PBXNativeTarget "PText ConvertTests" */ = {
			isa = XCConfigurationList;
			buildConfigurations = (
				9A8002A11FEEF9A7009D4E28 /* Debug */,
				9A8002A21FEEF9A7009D4E28 /* Release */,
			);
			defaultConfigurationIsVisible = 0;
			defaultConfigurationName = Release;
		};
		9A8002A31FEEF9A7009D4E28 /* Build configuration list for PBXNativeTarget "PText ConvertUITests" */ = {
			isa = XCConfigurationList;
			buildConfigurations = (
				9A8002A41FEEF9A7009D4E28 /* Debug */,
				9A8002A51FEEF9A7009D4E28 /* Release */,
			);
			defaultConfigurationIsVisible = 0;
			defaultConfigurationName = Release;
		};
		9A944FE91FE713EF007CFC2D /* Build configuration list for PBXProject "ProToolsText" */ = {
			isa = XCConfigurationList;
			buildConfigurations = (
				9A944FEA1FE713EF007CFC2D /* Debug */,
				9A944FEB1FE713EF007CFC2D /* Release */,
			);
			defaultConfigurationIsVisible = 0;
			defaultConfigurationName = Release;
		};
		9A9450241FE71C1F007CFC2D /* Build configuration list for PBXNativeTarget "PKit" */ = {
			isa = XCConfigurationList;
			buildConfigurations = (
				9A9450251FE71C1F007CFC2D /* Debug */,
				9A9450261FE71C1F007CFC2D /* Release */,
			);
			defaultConfigurationIsVisible = 0;
			defaultConfigurationName = Release;
		};
		9A9450271FE71C1F007CFC2D /* Build configuration list for PBXNativeTarget "PKitTests" */ = {
			isa = XCConfigurationList;
			buildConfigurations = (
				9A9450281FE71C1F007CFC2D /* Debug */,
				9A9450291FE71C1F007CFC2D /* Release */,
			);
			defaultConfigurationIsVisible = 0;
			defaultConfigurationName = Release;
		};
/* End XCConfigurationList section */
	};
	rootObject = 9A944FE61FE713EF007CFC2D /* Project object */;
}
